
Microsoft Visual Studio Solution File, Format Version 12.00
# Visual Studio Version 16
VisualStudioVersion = 16.0.30011.22
MinimumVisualStudioVersion = 10.0.40219.1
Project("{FAE04EC0-301F-11D3-BF4B-00C04F79EFBC}") = "EBlocks.Api", "EBlocks.Api\EBlocks.Api.csproj", "{2A8B95E5-8E4E-43A5-BE07-58402143156E}"
EndProject
Project("{FAE04EC0-301F-11D3-BF4B-00C04F79EFBC}") = "EBlocks", "EBlocks\EBlocks.csproj", "{A2654285-3B10-4729-864D-FC8C93123BB9}"
EndProject
Project("{FAE04EC0-301F-11D3-BF4B-00C04F79EFBC}") = "EBlocks.Data", "EBlocks.Data\EBlocks.Data.csproj", "{0830AF84-0FA6-4A11-BADD-317DA2EFE9B2}"
EndProject
Global
	GlobalSection(SolutionConfigurationPlatforms) = preSolution
		Debug|Any CPU = Debug|Any CPU
		Release|Any CPU = Release|Any CPU
	EndGlobalSection
	GlobalSection(ProjectConfigurationPlatforms) = postSolution
		{2A8B95E5-8E4E-43A5-BE07-58402143156E}.Debug|Any CPU.ActiveCfg = Debug|Any CPU
		{2A8B95E5-8E4E-43A5-BE07-58402143156E}.Debug|Any CPU.Build.0 = Debug|Any CPU
		{2A8B95E5-8E4E-43A5-BE07-58402143156E}.Release|Any CPU.ActiveCfg = Release|Any CPU
		{2A8B95E5-8E4E-43A5-BE07-58402143156E}.Release|Any CPU.Build.0 = Release|Any CPU
		{A2654285-3B10-4729-864D-FC8C93123BB9}.Debug|Any CPU.ActiveCfg = Debug|Any CPU
		{A2654285-3B10-4729-864D-FC8C93123BB9}.Debug|Any CPU.Build.0 = Debug|Any CPU
		{A2654285-3B10-4729-864D-FC8C93123BB9}.Release|Any CPU.ActiveCfg = Release|Any CPU
		{A2654285-3B10-4729-864D-FC8C93123BB9}.Release|Any CPU.Build.0 = Release|Any CPU
		{0830AF84-0FA6-4A11-BADD-317DA2EFE9B2}.Debug|Any CPU.ActiveCfg = Debug|Any CPU
		{0830AF84-0FA6-4A11-BADD-317DA2EFE9B2}.Debug|Any CPU.Build.0 = Debug|Any CPU
		{0830AF84-0FA6-4A11-BADD-317DA2EFE9B2}.Release|Any CPU.ActiveCfg = Release|Any CPU
		{0830AF84-0FA6-4A11-BADD-317DA2EFE9B2}.Release|Any CPU.Build.0 = Release|Any CPU
	EndGlobalSection
	GlobalSection(SolutionProperties) = preSolution
		HideSolutionNode = FALSE
	EndGlobalSection
	GlobalSection(ExtensibilityGlobals) = postSolution
		SolutionGuid = {3AA401D6-A79B-4EB7-80F9-756B26ABA1C7}
	EndGlobalSection
EndGlobal
